
Microsoft Visual Studio Solution File, Format Version 12.00
# Visual Studio 15
VisualStudioVersion = 15.0.26430.16
MinimumVisualStudioVersion = 10.0.40219.1
Project("{FAE04EC0-301F-11D3-BF4B-00C04F79EFBC}") = "01. NumbersFrom1To100", "01. NumbersFrom1To100\01. NumbersFrom1To100.csproj", "{1925BC68-A437-4538-AC7A-76ED84252822}"
EndProject
Project("{FAE04EC0-301F-11D3-BF4B-00C04F79EFBC}") = "02. NumbersEndingIn7", "02. NumbersEndingIn7\02. NumbersEndingIn7.csproj", "{C332EA7D-D931-4333-BE1B-9A12B32A0EEC}"
EndProject
Global
	GlobalSection(SolutionConfigurationPlatforms) = preSolution
		Debug|Any CPU = Debug|Any CPU
		Release|Any CPU = Release|Any CPU
	EndGlobalSection
	GlobalSection(ProjectConfigurationPlatforms) = postSolution
		{1925BC68-A437-4538-AC7A-76ED84252822}.Debug|Any CPU.ActiveCfg = Debug|Any CPU
		{1925BC68-A437-4538-AC7A-76ED84252822}.Debug|Any CPU.Build.0 = Debug|Any CPU
		{1925BC68-A437-4538-AC7A-76ED84252822}.Release|Any CPU.ActiveCfg = Release|Any CPU
		{1925BC68-A437-4538-AC7A-76ED84252822}.Release|Any CPU.Build.0 = Release|Any CPU
		{C332EA7D-D931-4333-BE1B-9A12B32A0EEC}.Debug|Any CPU.ActiveCfg = Debug|Any CPU
		{C332EA7D-D931-4333-BE1B-9A12B32A0EEC}.Debug|Any CPU.Build.0 = Debug|Any CPU
		{C332EA7D-D931-4333-BE1B-9A12B32A0EEC}.Release|Any CPU.ActiveCfg = Release|Any CPU
		{C332EA7D-D931-4333-BE1B-9A12B32A0EEC}.Release|Any CPU.Build.0 = Release|Any CPU
	EndGlobalSection
	GlobalSection(SolutionProperties) = preSolution
		HideSolutionNode = FALSE
	EndGlobalSection
EndGlobal
