
Microsoft Visual Studio Solution File, Format Version 12.00
# Visual Studio 15
VisualStudioVersion = 15.0.26430.16
MinimumVisualStudioVersion = 10.0.40219.1
Project("{FAE04EC0-301F-11D3-BF4B-00C04F79EFBC}") = "01. NumbersFrom1To100", "01. NumbersFrom1To100\01. NumbersFrom1To100.csproj", "{1925BC68-A437-4538-AC7A-76ED84252822}"
EndProject
Project("{FAE04EC0-301F-11D3-BF4B-00C04F79EFBC}") = "02. NumbersEndingIn7", "02. NumbersEndingIn7\02. NumbersEndingIn7.csproj", "{C332EA7D-D931-4333-BE1B-9A12B32A0EEC}"
EndProject
Project("{FAE04EC0-301F-11D3-BF4B-00C04F79EFBC}") = "03. LatinLetters", "03. LatinLetters\03. LatinLetters.csproj", "{9C243848-140B-4646-8119-E31E38FCB3BA}"
EndProject
Project("{FAE04EC0-301F-11D3-BF4B-00C04F79EFBC}") = "04. SumNumbers", "04. SumNumbers\04. SumNumbers.csproj", "{9EE826F6-EB98-4A97-A4A6-8A10E870601B}"
EndProject
Project("{FAE04EC0-301F-11D3-BF4B-00C04F79EFBC}") = "05. MaxNumber", "05. MaxNumber\05. MaxNumber.csproj", "{D7EE1382-6543-4A88-A878-F420D01F9AE5}"
EndProject
Project("{FAE04EC0-301F-11D3-BF4B-00C04F79EFBC}") = "06. MinNumber", "06. MinNumber\06. MinNumber.csproj", "{067E9CC1-3588-496B-B9C0-DAB2FC6830B7}"
EndProject
Project("{FAE04EC0-301F-11D3-BF4B-00C04F79EFBC}") = "07. LeftRightSum", "07. LeftRightSum\07. LeftRightSum.csproj", "{BF012990-C4DD-497D-8E1F-84038CA10DA8}"
EndProject
Project("{FAE04EC0-301F-11D3-BF4B-00C04F79EFBC}") = "08. OddEvenSum", "08. OddEvenSum\08. OddEvenSum.csproj", "{935792E9-AEE7-4BBB-BED7-1C3C928BF1B6}"
EndProject
Project("{FAE04EC0-301F-11D3-BF4B-00C04F79EFBC}") = "09. VowelsSum", "09. VowelsSum\09. VowelsSum.csproj", "{8ABB2276-9D94-419D-BF64-9FAF37CC902D}"
EndProject
Project("{FAE04EC0-301F-11D3-BF4B-00C04F79EFBC}") = "10. HalfSumElement", "10. HalfSumElement\10. HalfSumElement.csproj", "{35C33AED-40BD-4E31-92F7-20A0B96E36DD}"
EndProject
Project("{FAE04EC0-301F-11D3-BF4B-00C04F79EFBC}") = "11. OddEvenPosition", "11. OddEvenPosition\11. OddEvenPosition.csproj", "{D630B32A-9BAE-422A-9041-8C40362CD758}"
EndProject
Global
	GlobalSection(SolutionConfigurationPlatforms) = preSolution
		Debug|Any CPU = Debug|Any CPU
		Release|Any CPU = Release|Any CPU
	EndGlobalSection
	GlobalSection(ProjectConfigurationPlatforms) = postSolution
		{1925BC68-A437-4538-AC7A-76ED84252822}.Debug|Any CPU.ActiveCfg = Debug|Any CPU
		{1925BC68-A437-4538-AC7A-76ED84252822}.Debug|Any CPU.Build.0 = Debug|Any CPU
		{1925BC68-A437-4538-AC7A-76ED84252822}.Release|Any CPU.ActiveCfg = Release|Any CPU
		{1925BC68-A437-4538-AC7A-76ED84252822}.Release|Any CPU.Build.0 = Release|Any CPU
		{C332EA7D-D931-4333-BE1B-9A12B32A0EEC}.Debug|Any CPU.ActiveCfg = Debug|Any CPU
		{C332EA7D-D931-4333-BE1B-9A12B32A0EEC}.Debug|Any CPU.Build.0 = Debug|Any CPU
		{C332EA7D-D931-4333-BE1B-9A12B32A0EEC}.Release|Any CPU.ActiveCfg = Release|Any CPU
		{C332EA7D-D931-4333-BE1B-9A12B32A0EEC}.Release|Any CPU.Build.0 = Release|Any CPU
		{9C243848-140B-4646-8119-E31E38FCB3BA}.Debug|Any CPU.ActiveCfg = Debug|Any CPU
		{9C243848-140B-4646-8119-E31E38FCB3BA}.Debug|Any CPU.Build.0 = Debug|Any CPU
		{9C243848-140B-4646-8119-E31E38FCB3BA}.Release|Any CPU.ActiveCfg = Release|Any CPU
		{9C243848-140B-4646-8119-E31E38FCB3BA}.Release|Any CPU.Build.0 = Release|Any CPU
		{9EE826F6-EB98-4A97-A4A6-8A10E870601B}.Debug|Any CPU.ActiveCfg = Debug|Any CPU
		{9EE826F6-EB98-4A97-A4A6-8A10E870601B}.Debug|Any CPU.Build.0 = Debug|Any CPU
		{9EE826F6-EB98-4A97-A4A6-8A10E870601B}.Release|Any CPU.ActiveCfg = Release|Any CPU
		{9EE826F6-EB98-4A97-A4A6-8A10E870601B}.Release|Any CPU.Build.0 = Release|Any CPU
		{D7EE1382-6543-4A88-A878-F420D01F9AE5}.Debug|Any CPU.ActiveCfg = Debug|Any CPU
		{D7EE1382-6543-4A88-A878-F420D01F9AE5}.Debug|Any CPU.Build.0 = Debug|Any CPU
		{D7EE1382-6543-4A88-A878-F420D01F9AE5}.Release|Any CPU.ActiveCfg = Release|Any CPU
		{D7EE1382-6543-4A88-A878-F420D01F9AE5}.Release|Any CPU.Build.0 = Release|Any CPU
		{067E9CC1-3588-496B-B9C0-DAB2FC6830B7}.Debug|Any CPU.ActiveCfg = Debug|Any CPU
		{067E9CC1-3588-496B-B9C0-DAB2FC6830B7}.Debug|Any CPU.Build.0 = Debug|Any CPU
		{067E9CC1-3588-496B-B9C0-DAB2FC6830B7}.Release|Any CPU.ActiveCfg = Release|Any CPU
		{067E9CC1-3588-496B-B9C0-DAB2FC6830B7}.Release|Any CPU.Build.0 = Release|Any CPU
		{BF012990-C4DD-497D-8E1F-84038CA10DA8}.Debug|Any CPU.ActiveCfg = Debug|Any CPU
		{BF012990-C4DD-497D-8E1F-84038CA10DA8}.Debug|Any CPU.Build.0 = Debug|Any CPU
		{BF012990-C4DD-497D-8E1F-84038CA10DA8}.Release|Any CPU.ActiveCfg = Release|Any CPU
		{BF012990-C4DD-497D-8E1F-84038CA10DA8}.Release|Any CPU.Build.0 = Release|Any CPU
		{935792E9-AEE7-4BBB-BED7-1C3C928BF1B6}.Debug|Any CPU.ActiveCfg = Debug|Any CPU
		{935792E9-AEE7-4BBB-BED7-1C3C928BF1B6}.Debug|Any CPU.Build.0 = Debug|Any CPU
		{935792E9-AEE7-4BBB-BED7-1C3C928BF1B6}.Release|Any CPU.ActiveCfg = Release|Any CPU
		{935792E9-AEE7-4BBB-BED7-1C3C928BF1B6}.Release|Any CPU.Build.0 = Release|Any CPU
		{8ABB2276-9D94-419D-BF64-9FAF37CC902D}.Debug|Any CPU.ActiveCfg = Debug|Any CPU
		{8ABB2276-9D94-419D-BF64-9FAF37CC902D}.Debug|Any CPU.Build.0 = Debug|Any CPU
		{8ABB2276-9D94-419D-BF64-9FAF37CC902D}.Release|Any CPU.ActiveCfg = Release|Any CPU
		{8ABB2276-9D94-419D-BF64-9FAF37CC902D}.Release|Any CPU.Build.0 = Release|Any CPU
		{35C33AED-40BD-4E31-92F7-20A0B96E36DD}.Debug|Any CPU.ActiveCfg = Debug|Any CPU
		{35C33AED-40BD-4E31-92F7-20A0B96E36DD}.Debug|Any CPU.Build.0 = Debug|Any CPU
		{35C33AED-40BD-4E31-92F7-20A0B96E36DD}.Release|Any CPU.ActiveCfg = Release|Any CPU
		{35C33AED-40BD-4E31-92F7-20A0B96E36DD}.Release|Any CPU.Build.0 = Release|Any CPU
		{D630B32A-9BAE-422A-9041-8C40362CD758}.Debug|Any CPU.ActiveCfg = Debug|Any CPU
		{D630B32A-9BAE-422A-9041-8C40362CD758}.Debug|Any CPU.Build.0 = Debug|Any CPU
		{D630B32A-9BAE-422A-9041-8C40362CD758}.Release|Any CPU.ActiveCfg = Release|Any CPU
		{D630B32A-9BAE-422A-9041-8C40362CD758}.Release|Any CPU.Build.0 = Release|Any CPU
	EndGlobalSection
	GlobalSection(SolutionProperties) = preSolution
		HideSolutionNode = FALSE
	EndGlobalSection
EndGlobal
